{
  "name": "better-node-file-logger",
  "version": "1.0.0",
  "lockfileVersion": 2,
  "requires": true,
  "packages": {
    "": {
      "name": "better-node-file-logger",
      "version": "1.0.0",
      "license": "MIT",
      "dependencies": {
        "node-file-logger": "^0.9.5"
      }
    },
    "node_modules/moment": {
      "version": "2.29.4",
      "resolved": "https://registry.npmjs.org/moment/-/moment-2.29.4.tgz",
      "integrity": "sha512-5LC9SOxjSc2HF6vO2CyuTDNivEdoz2IvyJJGj6X8DJ0eFyfszE0QiEd+iXmBvUP3WHxSjFH/vIsA0EN00cgr8w==",
      "engines": {
        "node": "*"
      }
    },
    "node_modules/moment-timezone": {
      "version": "0.5.43",
      "resolved": "https://registry.npmjs.org/moment-timezone/-/moment-timezone-0.5.43.tgz",
      "integrity": "sha512-72j3aNyuIsDxdF1i7CEgV2FfxM1r6aaqJyLB2vwb33mXYyoyLly+F1zbWqhA3/bVIoJ4szlUoMbUnVdid32NUQ==",
      "dependencies": {
        "moment": "^2.29.4"
      },
      "engines": {
        "node": "*"
      }
    },
    "node_modules/node-file-logger": {
      "version": "0.9.5",
      "resolved": "https://registry.npmjs.org/node-file-logger/-/node-file-logger-0.9.5.tgz",
      "integrity": "sha512-V/VxkAHcr1FA1UDZxutg95sJLoRij5Uq8+/TmMNwrw0awUXxhI44M1AdCgF2cZjK4E52gSJb+KnTLF4k89pU9w==",
      "dependencies": {
        "moment": "^2.20.1",
        "moment-timezone": "^0.5.14",
        "node-stringify": "^0.2.1"
      }
    },
    "node_modules/node-stringify": {
      "version": "0.2.1",
      "resolved": "https://registry.npmjs.org/node-stringify/-/node-stringify-0.2.1.tgz",
      "integrity": "sha512-EdzBiPO2hmQOpG8eZtJmBK0bAWPTdla2GAU4Tb7fztLkAiMEYcJAHWvC/4FI8E9ZOxB1zmoAJpM6upTQ54xNDw==",
      "engines": {
        "node": ">=4.0.0"
      }
    }
  },
  "dependencies": {
    "moment": {
      "version": "2.29.4",
      "resolved": "https://registry.npmjs.org/moment/-/moment-2.29.4.tgz",
      "integrity": "sha512-5LC9SOxjSc2HF6vO2CyuTDNivEdoz2IvyJJGj6X8DJ0eFyfszE0QiEd+iXmBvUP3WHxSjFH/vIsA0EN00cgr8w=="
    },
    "moment-timezone": {
      "version": "0.5.43",
      "resolved": "https://registry.npmjs.org/moment-timezone/-/moment-timezone-0.5.43.tgz",
      "integrity": "sha512-72j3aNyuIsDxdF1i7CEgV2FfxM1r6aaqJyLB2vwb33mXYyoyLly+F1zbWqhA3/bVIoJ4szlUoMbUnVdid32NUQ==",
      "requires": {
        "moment": "^2.29.4"
      }
    },
    "node-file-logger": {
      "version": "0.9.5",
      "resolved": "https://registry.npmjs.org/node-file-logger/-/node-file-logger-0.9.5.tgz",
      "integrity": "sha512-V/VxkAHcr1FA1UDZxutg95sJLoRij5Uq8+/TmMNwrw0awUXxhI44M1AdCgF2cZjK4E52gSJb+KnTLF4k89pU9w==",
      "requires": {
        "moment": "^2.20.1",
        "moment-timezone": "^0.5.14",
        "node-stringify": "^0.2.1"
      }
    },
    "node-stringify": {
      "version": "0.2.1",
      "resolved": "https://registry.npmjs.org/node-stringify/-/node-stringify-0.2.1.tgz",
      "integrity": "sha512-EdzBiPO2hmQOpG8eZtJmBK0bAWPTdla2GAU4Tb7fztLkAiMEYcJAHWvC/4FI8E9ZOxB1zmoAJpM6upTQ54xNDw=="
    }
  }
}
